
Microsoft Visual Studio Solution File, Format Version 12.00
# Visual Studio Version 17
VisualStudioVersion = 17.8.34330.188
MinimumVisualStudioVersion = 10.0.40219.1
Project("{FAE04EC0-301F-11D3-BF4B-00C04F79EFBC}") = "OOP Assignment02", "OOP Assignment02\OOP Assignment02.csproj", "{EC4F4C0E-89DB-4413-9D99-8A5341E69A62}"
EndProject
Global
	GlobalSection(SolutionConfigurationPlatforms) = preSolution
		Debug|Any CPU = Debug|Any CPU
		Release|Any CPU = Release|Any CPU
	EndGlobalSection
	GlobalSection(ProjectConfigurationPlatforms) = postSolution
		{EC4F4C0E-89DB-4413-9D99-8A5341E69A62}.Debug|Any CPU.ActiveCfg = Debug|Any CPU
		{EC4F4C0E-89DB-4413-9D99-8A5341E69A62}.Debug|Any CPU.Build.0 = Debug|Any CPU
		{EC4F4C0E-89DB-4413-9D99-8A5341E69A62}.Release|Any CPU.ActiveCfg = Release|Any CPU
		{EC4F4C0E-89DB-4413-9D99-8A5341E69A62}.Release|Any CPU.Build.0 = Release|Any CPU
	EndGlobalSection
	GlobalSection(SolutionProperties) = preSolution
		HideSolutionNode = FALSE
	EndGlobalSection
	GlobalSection(ExtensibilityGlobals) = postSolution
		SolutionGuid = {1CF173CA-855B-43C8-8C1F-5DC6D7B534DA}
	EndGlobalSection
EndGlobal
